
Microsoft Visual Studio Solution File, Format Version 10.00
# Visual C++ Express 2008
Project("{8BC9CEB8-8B4A-11D0-8D11-00A0C91BC942}") = "UAnew", "UAnew\UAnew.vcproj", "{41DB4D4F-17A0-4560-B240-6B47CC6D8E2E}"
EndProject
Global
	GlobalSection(SolutionConfigurationPlatforms) = preSolution
		Debug|Win32 = Debug|Win32
		Release|Win32 = Release|Win32
	EndGlobalSection
	GlobalSection(ProjectConfigurationPlatforms) = postSolution
		{41DB4D4F-17A0-4560-B240-6B47CC6D8E2E}.Debug|Win32.ActiveCfg = Debug|Win32
		{41DB4D4F-17A0-4560-B240-6B47CC6D8E2E}.Debug|Win32.Build.0 = Debug|Win32
		{41DB4D4F-17A0-4560-B240-6B47CC6D8E2E}.Release|Win32.ActiveCfg = Release|Win32
		{41DB4D4F-17A0-4560-B240-6B47CC6D8E2E}.Release|Win32.Build.0 = Release|Win32
	EndGlobalSection
	GlobalSection(SolutionProperties) = preSolution
		HideSolutionNode = FALSE
	EndGlobalSection
EndGlobal
